
Microsoft Visual Studio Solution File, Format Version 12.00
# Visual Studio 2015
Project("{FAE04EC0-301F-11D3-BF4B-00C04F79EFBC}") = "UnitySpoutDemo.CSharp", "UnitySpoutDemo.CSharp.csproj", "{8707D1DC-5D5B-5704-027B-848B5229FB95}"
EndProject
Project("{FAE04EC0-301F-11D3-BF4B-00C04F79EFBC}") = "UnitySpoutDemo.CSharp.Editor", "UnitySpoutDemo.CSharp.Editor.csproj", "{228D8971-9950-4F48-4CF5-400A9859FDE8}"
EndProject
Global
	GlobalSection(SolutionConfigurationPlatforms) = preSolution
		Debug|Any CPU = Debug|Any CPU
		Release|Any CPU = Release|Any CPU
	EndGlobalSection
	GlobalSection(ProjectConfigurationPlatforms) = postSolution
		{8707D1DC-5D5B-5704-027B-848B5229FB95}.Debug|Any CPU.ActiveCfg = Debug|Any CPU
		{8707D1DC-5D5B-5704-027B-848B5229FB95}.Debug|Any CPU.Build.0 = Debug|Any CPU
		{8707D1DC-5D5B-5704-027B-848B5229FB95}.Release|Any CPU.ActiveCfg = Release|Any CPU
		{8707D1DC-5D5B-5704-027B-848B5229FB95}.Release|Any CPU.Build.0 = Release|Any CPU
		{228D8971-9950-4F48-4CF5-400A9859FDE8}.Debug|Any CPU.ActiveCfg = Debug|Any CPU
		{228D8971-9950-4F48-4CF5-400A9859FDE8}.Debug|Any CPU.Build.0 = Debug|Any CPU
		{228D8971-9950-4F48-4CF5-400A9859FDE8}.Release|Any CPU.ActiveCfg = Release|Any CPU
		{228D8971-9950-4F48-4CF5-400A9859FDE8}.Release|Any CPU.Build.0 = Release|Any CPU
	EndGlobalSection
	GlobalSection(SolutionProperties) = preSolution
		HideSolutionNode = FALSE
	EndGlobalSection
EndGlobal
